
Microsoft Visual Studio Solution File, Format Version 12.00
# Visual Studio 14
VisualStudioVersion = 14.0.25420.1
MinimumVisualStudioVersion = 10.0.40219.1
Project("{FAE04EC0-301F-11D3-BF4B-00C04F79EFBC}") = "MovieShopDll", "MovieShopDll\MovieShopDll.csproj", "{29E5C4C8-AB20-4F74-8D46-3E8837A2163E}"
EndProject
Project("{FAE04EC0-301F-11D3-BF4B-00C04F79EFBC}") = "MovieShopAdmin", "MovieShopAdmin\MovieShopAdmin.csproj", "{E529AEFC-6762-4C65-9797-0376AB2FD4F0}"
EndProject
Project("{FAE04EC0-301F-11D3-BF4B-00C04F79EFBC}") = "MovieShopCustomer", "MovieShopCustomer\MovieShopCustomer.csproj", "{50667B27-13DF-4207-9BA1-6E0EF0C0B98A}"
EndProject
Global
	GlobalSection(SolutionConfigurationPlatforms) = preSolution
		Debug|Any CPU = Debug|Any CPU
		Release|Any CPU = Release|Any CPU
	EndGlobalSection
	GlobalSection(ProjectConfigurationPlatforms) = postSolution
		{29E5C4C8-AB20-4F74-8D46-3E8837A2163E}.Debug|Any CPU.ActiveCfg = Debug|Any CPU
		{29E5C4C8-AB20-4F74-8D46-3E8837A2163E}.Debug|Any CPU.Build.0 = Debug|Any CPU
		{29E5C4C8-AB20-4F74-8D46-3E8837A2163E}.Release|Any CPU.ActiveCfg = Release|Any CPU
		{29E5C4C8-AB20-4F74-8D46-3E8837A2163E}.Release|Any CPU.Build.0 = Release|Any CPU
		{E529AEFC-6762-4C65-9797-0376AB2FD4F0}.Debug|Any CPU.ActiveCfg = Debug|Any CPU
		{E529AEFC-6762-4C65-9797-0376AB2FD4F0}.Debug|Any CPU.Build.0 = Debug|Any CPU
		{E529AEFC-6762-4C65-9797-0376AB2FD4F0}.Release|Any CPU.ActiveCfg = Release|Any CPU
		{E529AEFC-6762-4C65-9797-0376AB2FD4F0}.Release|Any CPU.Build.0 = Release|Any CPU
		{50667B27-13DF-4207-9BA1-6E0EF0C0B98A}.Debug|Any CPU.ActiveCfg = Debug|Any CPU
		{50667B27-13DF-4207-9BA1-6E0EF0C0B98A}.Debug|Any CPU.Build.0 = Debug|Any CPU
		{50667B27-13DF-4207-9BA1-6E0EF0C0B98A}.Release|Any CPU.ActiveCfg = Release|Any CPU
		{50667B27-13DF-4207-9BA1-6E0EF0C0B98A}.Release|Any CPU.Build.0 = Release|Any CPU
	EndGlobalSection
	GlobalSection(SolutionProperties) = preSolution
		HideSolutionNode = FALSE
	EndGlobalSection
EndGlobal
